
Microsoft Visual Studio Solution File, Format Version 12.00
# Visual Studio Version 17
VisualStudioVersion = 17.4.33122.133
MinimumVisualStudioVersion = 10.0.40219.1
Project("{9A19103F-16F7-4668-BE54-9A1E7A4F7556}") = "PrelomLuch", "PrelomLuch.csproj", "{301CF3DC-61C4-4117-9C08-63BDCC783ADF}"
EndProject
Global
	GlobalSection(SolutionConfigurationPlatforms) = preSolution
		Debug|Any CPU = Debug|Any CPU
		Release|Any CPU = Release|Any CPU
	EndGlobalSection
	GlobalSection(ProjectConfigurationPlatforms) = postSolution
		{301CF3DC-61C4-4117-9C08-63BDCC783ADF}.Debug|Any CPU.ActiveCfg = Debug|Any CPU
		{301CF3DC-61C4-4117-9C08-63BDCC783ADF}.Debug|Any CPU.Build.0 = Debug|Any CPU
		{301CF3DC-61C4-4117-9C08-63BDCC783ADF}.Release|Any CPU.ActiveCfg = Release|Any CPU
		{301CF3DC-61C4-4117-9C08-63BDCC783ADF}.Release|Any CPU.Build.0 = Release|Any CPU
	EndGlobalSection
	GlobalSection(SolutionProperties) = preSolution
		HideSolutionNode = FALSE
	EndGlobalSection
	GlobalSection(ExtensibilityGlobals) = postSolution
		SolutionGuid = {3342DFCC-D48E-40C6-A708-4FDD7E8A8783}
	EndGlobalSection
EndGlobal
